# This file was autogenerated by Stack.
# You should not edit this file by hand.
# For more information, please see the documentation at:
#   https://docs.haskellstack.org/en/stable/lock_files

packages:
- completed:
    commit: e2910fb4e05950a1a60d7f4e4879311ffef0ee5c
    git: https://github.com/Deltaspace0/monomer.git
    name: monomer
    pantry-tree:
      sha256: 0ec660812bec8a92db659a883e09c27a83a2d97903f89c2cc338f938a48248b9
      size: 18557
    version: 1.5.1.0
  original:
    commit: e2910fb4e05950a1a60d7f4e4879311ffef0ee5c
    git: https://github.com/Deltaspace0/monomer.git
- completed:
    hackage: nanovg-0.8.1.0@sha256:9131db15822c6593aa73946b56593eb0a14a0d044395bcdfd4fe2d3e6edb6759,4742
    pantry-tree:
      sha256: b83e640d56213061f632a76012a63625d76ceacf905bb8cee6ee03f981047c03
      size: 2558
  original:
    hackage: nanovg-0.8.1.0
- completed:
    commit: 5fdb1125e56f7bfb280cde78c940fba84f2d8076
    git: https://github.com/Deltaspace0/monomer-widgets.git
    name: monomer-widgets
    pantry-tree:
      sha256: 06886341bb407fd0ee1c3532d50dcce3c613b651b51ffd0044c7b759d53f4b9d
      size: 6277
    version: 0.1.0.0
  original:
    commit: 5fdb1125e56f7bfb280cde78c940fba84f2d8076
    git: https://github.com/Deltaspace0/monomer-widgets.git
snapshots:
- completed:
    sha256: 126fa33ceb11f5e85ceb4e86d434756bd9a8439e2e5776d306a15fbc63b01e89
    size: 650041
    url: https://raw.githubusercontent.com/commercialhaskell/stackage-snapshots/master/lts/20/20.yaml
  original:
    url: https://raw.githubusercontent.com/commercialhaskell/stackage-snapshots/master/lts/20/20.yaml
